
Microsoft Visual Studio Solution File, Format Version 12.00
# Visual Studio 2012
Project("{FAE04EC0-301F-11D3-BF4B-00C04F79EFBC}") = "HMonitorScheduler", "HMonitorScheduler\HMonitorScheduler.csproj", "{B4E0B48E-62E6-433B-866F-D89CA8B96A40}"
EndProject
Global
	GlobalSection(SolutionConfigurationPlatforms) = preSolution
		Debug|Any CPU = Debug|Any CPU
		Release|Any CPU = Release|Any CPU
	EndGlobalSection
	GlobalSection(ProjectConfigurationPlatforms) = postSolution
		{B4E0B48E-62E6-433B-866F-D89CA8B96A40}.Debug|Any CPU.ActiveCfg = Debug|Any CPU
		{B4E0B48E-62E6-433B-866F-D89CA8B96A40}.Debug|Any CPU.Build.0 = Debug|Any CPU
		{B4E0B48E-62E6-433B-866F-D89CA8B96A40}.Release|Any CPU.ActiveCfg = Release|Any CPU
		{B4E0B48E-62E6-433B-866F-D89CA8B96A40}.Release|Any CPU.Build.0 = Release|Any CPU
	EndGlobalSection
	GlobalSection(SolutionProperties) = preSolution
		HideSolutionNode = FALSE
	EndGlobalSection
EndGlobal
